
Microsoft Visual Studio Solution File, Format Version 12.00
Project("{FAE04EC0-301F-11D3-BF4B-00C04F79EFBC}") = "Program", "Program\Program.csproj", "{627C637D-2386-4D29-A555-33B0F8AEF4B8}"
EndProject
Project("{FAE04EC0-301F-11D3-BF4B-00C04F79EFBC}") = "ConfigReader", "ConfigReader\ConfigReader.csproj", "{00CCDFE3-BFAC-47A6-A259-3BA2C19005B3}"
EndProject
Project("{FAE04EC0-301F-11D3-BF4B-00C04F79EFBC}") = "Entity", "Entity\Entity.csproj", "{F169B0A1-305A-4E25-9724-ABCE1CDFA992}"
EndProject
Project("{FAE04EC0-301F-11D3-BF4B-00C04F79EFBC}") = "Database", "Database\Database.csproj", "{D04DDA57-6502-4D97-92C1-64295AA171AC}"
EndProject
Project("{FAE04EC0-301F-11D3-BF4B-00C04F79EFBC}") = "Map", "Map\Map.csproj", "{5A9AFDF3-9DE4-4A17-AFBC-110F66EF5049}"
EndProject
Global
	GlobalSection(SolutionConfigurationPlatforms) = preSolution
		Debug|Any CPU = Debug|Any CPU
		Release|Any CPU = Release|Any CPU
	EndGlobalSection
	GlobalSection(ProjectConfigurationPlatforms) = postSolution
		{627C637D-2386-4D29-A555-33B0F8AEF4B8}.Debug|Any CPU.ActiveCfg = Debug|Any CPU
		{627C637D-2386-4D29-A555-33B0F8AEF4B8}.Debug|Any CPU.Build.0 = Debug|Any CPU
		{627C637D-2386-4D29-A555-33B0F8AEF4B8}.Release|Any CPU.ActiveCfg = Release|Any CPU
		{627C637D-2386-4D29-A555-33B0F8AEF4B8}.Release|Any CPU.Build.0 = Release|Any CPU
		{00CCDFE3-BFAC-47A6-A259-3BA2C19005B3}.Debug|Any CPU.ActiveCfg = Debug|Any CPU
		{00CCDFE3-BFAC-47A6-A259-3BA2C19005B3}.Debug|Any CPU.Build.0 = Debug|Any CPU
		{00CCDFE3-BFAC-47A6-A259-3BA2C19005B3}.Release|Any CPU.ActiveCfg = Release|Any CPU
		{00CCDFE3-BFAC-47A6-A259-3BA2C19005B3}.Release|Any CPU.Build.0 = Release|Any CPU
		{F169B0A1-305A-4E25-9724-ABCE1CDFA992}.Debug|Any CPU.ActiveCfg = Debug|Any CPU
		{F169B0A1-305A-4E25-9724-ABCE1CDFA992}.Debug|Any CPU.Build.0 = Debug|Any CPU
		{F169B0A1-305A-4E25-9724-ABCE1CDFA992}.Release|Any CPU.ActiveCfg = Release|Any CPU
		{F169B0A1-305A-4E25-9724-ABCE1CDFA992}.Release|Any CPU.Build.0 = Release|Any CPU
		{D04DDA57-6502-4D97-92C1-64295AA171AC}.Debug|Any CPU.ActiveCfg = Debug|Any CPU
		{D04DDA57-6502-4D97-92C1-64295AA171AC}.Debug|Any CPU.Build.0 = Debug|Any CPU
		{D04DDA57-6502-4D97-92C1-64295AA171AC}.Release|Any CPU.ActiveCfg = Release|Any CPU
		{D04DDA57-6502-4D97-92C1-64295AA171AC}.Release|Any CPU.Build.0 = Release|Any CPU
		{5A9AFDF3-9DE4-4A17-AFBC-110F66EF5049}.Debug|Any CPU.ActiveCfg = Debug|Any CPU
		{5A9AFDF3-9DE4-4A17-AFBC-110F66EF5049}.Debug|Any CPU.Build.0 = Debug|Any CPU
		{5A9AFDF3-9DE4-4A17-AFBC-110F66EF5049}.Release|Any CPU.ActiveCfg = Release|Any CPU
		{5A9AFDF3-9DE4-4A17-AFBC-110F66EF5049}.Release|Any CPU.Build.0 = Release|Any CPU
	EndGlobalSection
EndGlobal
